
Microsoft Visual Studio Solution File, Format Version 12.00
# Visual Studio Version 17
VisualStudioVersion = 17.7.34221.43
MinimumVisualStudioVersion = 10.0.40219.1
Project("{FAE04EC0-301F-11D3-BF4B-00C04F79EFBC}") = "client_408", "client_408\client_408.csproj", "{9079B86B-1C3E-4521-BC18-AEF490C8E100}"
EndProject
Global
	GlobalSection(SolutionConfigurationPlatforms) = preSolution
		Debug|Any CPU = Debug|Any CPU
		Release|Any CPU = Release|Any CPU
	EndGlobalSection
	GlobalSection(ProjectConfigurationPlatforms) = postSolution
		{9079B86B-1C3E-4521-BC18-AEF490C8E100}.Debug|Any CPU.ActiveCfg = Debug|Any CPU
		{9079B86B-1C3E-4521-BC18-AEF490C8E100}.Debug|Any CPU.Build.0 = Debug|Any CPU
		{9079B86B-1C3E-4521-BC18-AEF490C8E100}.Release|Any CPU.ActiveCfg = Release|Any CPU
		{9079B86B-1C3E-4521-BC18-AEF490C8E100}.Release|Any CPU.Build.0 = Release|Any CPU
	EndGlobalSection
	GlobalSection(SolutionProperties) = preSolution
		HideSolutionNode = FALSE
	EndGlobalSection
	GlobalSection(ExtensibilityGlobals) = postSolution
		SolutionGuid = {5CD92ADB-72CB-49F0-AFC4-EBC98CEE15B5}
	EndGlobalSection
EndGlobal
